// !$*UTF8*$!
{
	archiveVersion = 1;
	classes = {
	};
	objectVersion = 50;
	objects = {

/* Begin PBXBuildFile section */
		2B52B73823A8FA7900B4C7A3 /* Property.swift in Sources */ = {isa = PBXBuildFile; fileRef = 2B52B73723A8FA7900B4C7A3 /* Property.swift */; };
		2B52B73A23A8FBAD00B4C7A3 /* ViewDescriptor.swift in Sources */ = {isa = PBXBuildFile; fileRef = 2B52B73923A8FBAD00B4C7A3 /* ViewDescriptor.swift */; };
		2B52B73C23A900CE00B4C7A3 /* Datatype.swift in Sources */ = {isa = PBXBuildFile; fileRef = 2B52B73B23A900CE00B4C7A3 /* Datatype.swift */; };
		2B52B73F23A9036900B4C7A3 /* Descriptor.swift in Sources */ = {isa = PBXBuildFile; fileRef = 2B52B73E23A9036900B4C7A3 /* Descriptor.swift */; };
		2B83B8F323AA4CF300CF01A3 /* PropertyEditorCell.swift in Sources */ = {isa = PBXBuildFile; fileRef = 2B83B8F223AA4CF300CF01A3 /* PropertyEditorCell.swift */; };
		2B880B6D23B0F9C200E26362 /* InspectorViewController.swift in Sources */ = {isa = PBXBuildFile; fileRef = 2B880B6B23B0F9C200E26362 /* InspectorViewController.swift */; };
		2B880B7023B0FBEA00E26362 /* Editor.storyboard in Resources */ = {isa = PBXBuildFile; fileRef = 2B880B6F23B0FBEA00E26362 /* Editor.storyboard */; };
		2B880B7223B0FE7500E26362 /* NumericPropertyEditorCell.swift in Sources */ = {isa = PBXBuildFile; fileRef = 2B880B7123B0FE7500E26362 /* NumericPropertyEditorCell.swift */; };
		2B880B7423B1083C00E26362 /* EditorViewController.swift in Sources */ = {isa = PBXBuildFile; fileRef = 2B880B7323B1083C00E26362 /* EditorViewController.swift */; };
		2B880B7623B10BAD00E26362 /* Optional+Wrapped.swift in Sources */ = {isa = PBXBuildFile; fileRef = 2B880B7523B10BAD00E26362 /* Optional+Wrapped.swift */; };
		2B880B7823B1108600E26362 /* Array+Safe.swift in Sources */ = {isa = PBXBuildFile; fileRef = 2B880B7723B1108600E26362 /* Array+Safe.swift */; };
		2B8BB7FD23A110570026A86C /* AppDelegate.swift in Sources */ = {isa = PBXBuildFile; fileRef = 2B8BB7FC23A110570026A86C /* AppDelegate.swift */; };
		2B8BB7FF23A110570026A86C /* SceneDelegate.swift in Sources */ = {isa = PBXBuildFile; fileRef = 2B8BB7FE23A110570026A86C /* SceneDelegate.swift */; };
		2B8BB80423A110570026A86C /* Main.storyboard in Resources */ = {isa = PBXBuildFile; fileRef = 2B8BB80223A110570026A86C /* Main.storyboard */; };
		2B8BB80623A110580026A86C /* Assets.xcassets in Resources */ = {isa = PBXBuildFile; fileRef = 2B8BB80523A110580026A86C /* Assets.xcassets */; };
		2B8BB80923A110580026A86C /* LaunchScreen.storyboard in Resources */ = {isa = PBXBuildFile; fileRef = 2B8BB80723A110580026A86C /* LaunchScreen.storyboard */; };
		2B914D1723A6FD530075164B /* SimpleRoundedView.plist in Resources */ = {isa = PBXBuildFile; fileRef = 2B914D1623A6FD530075164B /* SimpleRoundedView.plist */; };
		2B914D1923A7008A0075164B /* DescriptorSerializer.swift in Sources */ = {isa = PBXBuildFile; fileRef = 2B914D1823A7008A0075164B /* DescriptorSerializer.swift */; };
		2B914D1D23A70C0E0075164B /* UIColor+Selector.m in Sources */ = {isa = PBXBuildFile; fileRef = 2B914D1C23A70C0E0075164B /* UIColor+Selector.m */; };
		2BA937E223B2BA220079525A /* SideSplitSegue.swift in Sources */ = {isa = PBXBuildFile; fileRef = 2BA937E123B2BA220079525A /* SideSplitSegue.swift */; };
		2BA937E423B2BA570079525A /* SideSplitViewController.swift in Sources */ = {isa = PBXBuildFile; fileRef = 2BA937E323B2BA570079525A /* SideSplitViewController.swift */; };
		2BA937E623B2C0B70079525A /* UIViewController+Children.swift in Sources */ = {isa = PBXBuildFile; fileRef = 2BA937E523B2C0B70079525A /* UIViewController+Children.swift */; };
		2BB18D6B23A6641A007C3F7C /* VisualizerViewController.swift in Sources */ = {isa = PBXBuildFile; fileRef = 2BB18D6A23A6641A007C3F7C /* VisualizerViewController.swift */; };
		2BB18D6E23A664E5007C3F7C /* VisualizerView.swift in Sources */ = {isa = PBXBuildFile; fileRef = 2BB18D6D23A664E5007C3F7C /* VisualizerView.swift */; };
		2BEBBFFA23B247C000D34285 /* RectPropertyEditorCell.swift in Sources */ = {isa = PBXBuildFile; fileRef = 2BEBBFF923B247C000D34285 /* RectPropertyEditorCell.swift */; };
		2BEBBFFC23B2504100D34285 /* BoolPropertyEditorCell.swift in Sources */ = {isa = PBXBuildFile; fileRef = 2BEBBFFB23B2504100D34285 /* BoolPropertyEditorCell.swift */; };
		2BEBBFFE23B25C0A00D34285 /* HierarchyTableViewController.swift in Sources */ = {isa = PBXBuildFile; fileRef = 2BEBBFFD23B25C0A00D34285 /* HierarchyTableViewController.swift */; };
		2BEBC00023B25CF100D34285 /* StringPropertyEditorCell.swift in Sources */ = {isa = PBXBuildFile; fileRef = 2BEBBFFF23B25CF100D34285 /* StringPropertyEditorCell.swift */; };
/* End PBXBuildFile section */

/* Begin PBXFileReference section */
		2B52B73723A8FA7900B4C7A3 /* Property.swift */ = {isa = PBXFileReference; lastKnownFileType = sourcecode.swift; path = Property.swift; sourceTree = "<group>"; };
		2B52B73923A8FBAD00B4C7A3 /* ViewDescriptor.swift */ = {isa = PBXFileReference; lastKnownFileType = sourcecode.swift; path = ViewDescriptor.swift; sourceTree = "<group>"; };
		2B52B73B23A900CE00B4C7A3 /* Datatype.swift */ = {isa = PBXFileReference; lastKnownFileType = sourcecode.swift; path = Datatype.swift; sourceTree = "<group>"; };
		2B52B73E23A9036900B4C7A3 /* Descriptor.swift */ = {isa = PBXFileReference; lastKnownFileType = sourcecode.swift; path = Descriptor.swift; sourceTree = "<group>"; };
		2B83B8F223AA4CF300CF01A3 /* PropertyEditorCell.swift */ = {isa = PBXFileReference; lastKnownFileType = sourcecode.swift; path = PropertyEditorCell.swift; sourceTree = "<group>"; };
		2B880B6B23B0F9C200E26362 /* InspectorViewController.swift */ = {isa = PBXFileReference; lastKnownFileType = sourcecode.swift; path = InspectorViewController.swift; sourceTree = "<group>"; };
		2B880B6F23B0FBEA00E26362 /* Editor.storyboard */ = {isa = PBXFileReference; lastKnownFileType = file.storyboard; path = Editor.storyboard; sourceTree = "<group>"; };
		2B880B7123B0FE7500E26362 /* NumericPropertyEditorCell.swift */ = {isa = PBXFileReference; lastKnownFileType = sourcecode.swift; path = NumericPropertyEditorCell.swift; sourceTree = "<group>"; };
		2B880B7323B1083C00E26362 /* EditorViewController.swift */ = {isa = PBXFileReference; lastKnownFileType = sourcecode.swift; path = EditorViewController.swift; sourceTree = "<group>"; };
		2B880B7523B10BAD00E26362 /* Optional+Wrapped.swift */ = {isa = PBXFileReference; lastKnownFileType = sourcecode.swift; path = "Optional+Wrapped.swift"; sourceTree = "<group>"; };
		2B880B7723B1108600E26362 /* Array+Safe.swift */ = {isa = PBXFileReference; lastKnownFileType = sourcecode.swift; path = "Array+Safe.swift"; sourceTree = "<group>"; };
		2B8BB7F923A110570026A86C /* XXLEditor.app */ = {isa = PBXFileReference; explicitFileType = wrapper.application; includeInIndex = 0; path = XXLEditor.app; sourceTree = BUILT_PRODUCTS_DIR; };
		2B8BB7FC23A110570026A86C /* AppDelegate.swift */ = {isa = PBXFileReference; lastKnownFileType = sourcecode.swift; path = AppDelegate.swift; sourceTree = "<group>"; };
		2B8BB7FE23A110570026A86C /* SceneDelegate.swift */ = {isa = PBXFileReference; lastKnownFileType = sourcecode.swift; path = SceneDelegate.swift; sourceTree = "<group>"; };
		2B8BB80323A110570026A86C /* Base */ = {isa = PBXFileReference; lastKnownFileType = file.storyboard; name = Base; path = Base.lproj/Main.storyboard; sourceTree = "<group>"; };
		2B8BB80523A110580026A86C /* Assets.xcassets */ = {isa = PBXFileReference; lastKnownFileType = folder.assetcatalog; path = Assets.xcassets; sourceTree = "<group>"; };
		2B8BB80823A110580026A86C /* Base */ = {isa = PBXFileReference; lastKnownFileType = file.storyboard; name = Base; path = Base.lproj/LaunchScreen.storyboard; sourceTree = "<group>"; };
		2B8BB80A23A110580026A86C /* Info.plist */ = {isa = PBXFileReference; lastKnownFileType = text.plist.xml; path = Info.plist; sourceTree = "<group>"; };
		2B8BB81023A110640026A86C /* XXLEditor.entitlements */ = {isa = PBXFileReference; lastKnownFileType = text.plist.entitlements; path = XXLEditor.entitlements; sourceTree = "<group>"; };
		2B914D1623A6FD530075164B /* SimpleRoundedView.plist */ = {isa = PBXFileReference; lastKnownFileType = text.plist.xml; path = SimpleRoundedView.plist; sourceTree = "<group>"; };
		2B914D1823A7008A0075164B /* DescriptorSerializer.swift */ = {isa = PBXFileReference; lastKnownFileType = sourcecode.swift; path = DescriptorSerializer.swift; sourceTree = "<group>"; };
		2B914D1B23A70C0E0075164B /* UIColor+Selector.h */ = {isa = PBXFileReference; lastKnownFileType = sourcecode.c.h; path = "UIColor+Selector.h"; sourceTree = "<group>"; };
		2B914D1C23A70C0E0075164B /* UIColor+Selector.m */ = {isa = PBXFileReference; lastKnownFileType = sourcecode.c.objc; path = "UIColor+Selector.m"; sourceTree = "<group>"; };
		2BA937E123B2BA220079525A /* SideSplitSegue.swift */ = {isa = PBXFileReference; lastKnownFileType = sourcecode.swift; path = SideSplitSegue.swift; sourceTree = "<group>"; };
		2BA937E323B2BA570079525A /* SideSplitViewController.swift */ = {isa = PBXFileReference; lastKnownFileType = sourcecode.swift; path = SideSplitViewController.swift; sourceTree = "<group>"; };
		2BA937E523B2C0B70079525A /* UIViewController+Children.swift */ = {isa = PBXFileReference; lastKnownFileType = sourcecode.swift; path = "UIViewController+Children.swift"; sourceTree = "<group>"; };
		2BB18D6A23A6641A007C3F7C /* VisualizerViewController.swift */ = {isa = PBXFileReference; lastKnownFileType = sourcecode.swift; path = VisualizerViewController.swift; sourceTree = "<group>"; };
		2BB18D6D23A664E5007C3F7C /* VisualizerView.swift */ = {isa = PBXFileReference; lastKnownFileType = sourcecode.swift; path = VisualizerView.swift; sourceTree = "<group>"; };
		2BBD7C2823A25A680065F65C /* XXLEditor-Bridging-Header.h */ = {isa = PBXFileReference; lastKnownFileType = sourcecode.c.h; path = "XXLEditor-Bridging-Header.h"; sourceTree = "<group>"; };
		2BEBBFF923B247C000D34285 /* RectPropertyEditorCell.swift */ = {isa = PBXFileReference; lastKnownFileType = sourcecode.swift; path = RectPropertyEditorCell.swift; sourceTree = "<group>"; };
		2BEBBFFB23B2504100D34285 /* BoolPropertyEditorCell.swift */ = {isa = PBXFileReference; lastKnownFileType = sourcecode.swift; path = BoolPropertyEditorCell.swift; sourceTree = "<group>"; };
		2BEBBFFD23B25C0A00D34285 /* HierarchyTableViewController.swift */ = {isa = PBXFileReference; lastKnownFileType = sourcecode.swift; path = HierarchyTableViewController.swift; sourceTree = "<group>"; };
		2BEBBFFF23B25CF100D34285 /* StringPropertyEditorCell.swift */ = {isa = PBXFileReference; lastKnownFileType = sourcecode.swift; path = StringPropertyEditorCell.swift; sourceTree = "<group>"; };
/* End PBXFileReference section */

/* Begin PBXFrameworksBuildPhase section */
		2B8BB7F623A110570026A86C /* Frameworks */ = {
			isa = PBXFrameworksBuildPhase;
			buildActionMask = 2147483647;
			files = (
			);
			runOnlyForDeploymentPostprocessing = 0;
		};
/* End PBXFrameworksBuildPhase section */

/* Begin PBXGroup section */
		2B52B73D23A9031900B4C7A3 /* Utils */ = {
			isa = PBXGroup;
			children = (
				2B880B7723B1108600E26362 /* Array+Safe.swift */,
				2B880B7523B10BAD00E26362 /* Optional+Wrapped.swift */,
				2B914D1B23A70C0E0075164B /* UIColor+Selector.h */,
				2B914D1C23A70C0E0075164B /* UIColor+Selector.m */,
				2BA937E123B2BA220079525A /* SideSplitSegue.swift */,
				2BA937E323B2BA570079525A /* SideSplitViewController.swift */,
				2BA937E523B2C0B70079525A /* UIViewController+Children.swift */,
			);
			path = Utils;
			sourceTree = "<group>";
		};
		2B8BB7F023A110570026A86C = {
			isa = PBXGroup;
			children = (
				2B8BB7FB23A110570026A86C /* XXLEditor */,
				2B914D1523A6FD2D0075164B /* ExampleViews */,
				2B8BB7FA23A110570026A86C /* Products */,
			);
			sourceTree = "<group>";
		};
		2B8BB7FA23A110570026A86C /* Products */ = {
			isa = PBXGroup;
			children = (
				2B8BB7F923A110570026A86C /* XXLEditor.app */,
			);
			name = Products;
			sourceTree = "<group>";
		};
		2B8BB7FB23A110570026A86C /* XXLEditor */ = {
			isa = PBXGroup;
			children = (
				2B8BB81023A110640026A86C /* XXLEditor.entitlements */,
				2B8BB7FC23A110570026A86C /* AppDelegate.swift */,
				2B8BB7FE23A110570026A86C /* SceneDelegate.swift */,
				2B8BB80223A110570026A86C /* Main.storyboard */,
				2B8BB80523A110580026A86C /* Assets.xcassets */,
				2B8BB80723A110580026A86C /* LaunchScreen.storyboard */,
				2B8BB80A23A110580026A86C /* Info.plist */,
				2BB18D6D23A664E5007C3F7C /* VisualizerView.swift */,
				2BB18D6A23A6641A007C3F7C /* VisualizerViewController.swift */,
				2BBD7C2823A25A680065F65C /* XXLEditor-Bridging-Header.h */,
				2B52B73D23A9031900B4C7A3 /* Utils */,
				2BA0883A23A1D343005964CB /* Descriptors */,
				2BDA6AEE23A85E95005A892D /* EditorViews */,
			);
			path = XXLEditor;
			sourceTree = "<group>";
		};
		2B914D1523A6FD2D0075164B /* ExampleViews */ = {
			isa = PBXGroup;
			children = (
				2B914D1623A6FD530075164B /* SimpleRoundedView.plist */,
			);
			path = ExampleViews;
			sourceTree = "<group>";
		};
		2BA0883A23A1D343005964CB /* Descriptors */ = {
			isa = PBXGroup;
			children = (
				2B52B73B23A900CE00B4C7A3 /* Datatype.swift */,
				2B52B73E23A9036900B4C7A3 /* Descriptor.swift */,
				2B914D1823A7008A0075164B /* DescriptorSerializer.swift */,
				2B52B73723A8FA7900B4C7A3 /* Property.swift */,
				2B52B73923A8FBAD00B4C7A3 /* ViewDescriptor.swift */,
			);
			path = Descriptors;
			sourceTree = "<group>";
		};
		2BDA6AEE23A85E95005A892D /* EditorViews */ = {
			isa = PBXGroup;
			children = (
				2B880B6F23B0FBEA00E26362 /* Editor.storyboard */,
				2B880B7323B1083C00E26362 /* EditorViewController.swift */,
				2B880B6B23B0F9C200E26362 /* InspectorViewController.swift */,
				2B880B7123B0FE7500E26362 /* NumericPropertyEditorCell.swift */,
				2B83B8F223AA4CF300CF01A3 /* PropertyEditorCell.swift */,
				2BEBBFF923B247C000D34285 /* RectPropertyEditorCell.swift */,
				2BEBBFFB23B2504100D34285 /* BoolPropertyEditorCell.swift */,
				2BEBBFFF23B25CF100D34285 /* StringPropertyEditorCell.swift */,
				2BEBBFFD23B25C0A00D34285 /* HierarchyTableViewController.swift */,
			);
			path = EditorViews;
			sourceTree = "<group>";
		};
/* End PBXGroup section */

/* Begin PBXNativeTarget section */
		2B8BB7F823A110570026A86C /* XXLEditor */ = {
			isa = PBXNativeTarget;
			buildConfigurationList = 2B8BB80D23A110580026A86C /* Build configuration list for PBXNativeTarget "XXLEditor" */;
			buildPhases = (
				2B8BB7F523A110570026A86C /* Sources */,
				2B8BB7F623A110570026A86C /* Frameworks */,
				2B8BB7F723A110570026A86C /* Resources */,
			);
			buildRules = (
			);
			dependencies = (
			);
			name = XXLEditor;
			productName = XXLEditor;
			productReference = 2B8BB7F923A110570026A86C /* XXLEditor.app */;
			productType = "com.apple.product-type.application";
		};
/* End PBXNativeTarget section */

/* Begin PBXProject section */
		2B8BB7F123A110570026A86C /* Project object */ = {
			isa = PBXProject;
			attributes = {
				LastSwiftUpdateCheck = 1130;
				LastUpgradeCheck = 1130;
				ORGANIZATIONNAME = gilzoide;
				TargetAttributes = {
					2B8BB7F823A110570026A86C = {
						CreatedOnToolsVersion = 11.3;
						LastSwiftMigration = 1130;
					};
				};
			};
			buildConfigurationList = 2B8BB7F423A110570026A86C /* Build configuration list for PBXProject "XXLEditor" */;
			compatibilityVersion = "Xcode 9.3";
			developmentRegion = en;
			hasScannedForEncodings = 0;
			knownRegions = (
				en,
				Base,
			);
			mainGroup = 2B8BB7F023A110570026A86C;
			productRefGroup = 2B8BB7FA23A110570026A86C /* Products */;
			projectDirPath = "";
			projectRoot = "";
			targets = (
				2B8BB7F823A110570026A86C /* XXLEditor */,
			);
		};
/* End PBXProject section */

/* Begin PBXResourcesBuildPhase section */
		2B8BB7F723A110570026A86C /* Resources */ = {
			isa = PBXResourcesBuildPhase;
			buildActionMask = 2147483647;
			files = (
				2B8BB80923A110580026A86C /* LaunchScreen.storyboard in Resources */,
				2B880B7023B0FBEA00E26362 /* Editor.storyboard in Resources */,
				2B8BB80623A110580026A86C /* Assets.xcassets in Resources */,
				2B8BB80423A110570026A86C /* Main.storyboard in Resources */,
				2B914D1723A6FD530075164B /* SimpleRoundedView.plist in Resources */,
			);
			runOnlyForDeploymentPostprocessing = 0;
		};
/* End PBXResourcesBuildPhase section */

/* Begin PBXSourcesBuildPhase section */
		2B8BB7F523A110570026A86C /* Sources */ = {
			isa = PBXSourcesBuildPhase;
			buildActionMask = 2147483647;
			files = (
				2BA937E623B2C0B70079525A /* UIViewController+Children.swift in Sources */,
				2BA937E223B2BA220079525A /* SideSplitSegue.swift in Sources */,
				2BEBBFFE23B25C0A00D34285 /* HierarchyTableViewController.swift in Sources */,
				2B83B8F323AA4CF300CF01A3 /* PropertyEditorCell.swift in Sources */,
				2BEBBFFA23B247C000D34285 /* RectPropertyEditorCell.swift in Sources */,
				2B52B73C23A900CE00B4C7A3 /* Datatype.swift in Sources */,
				2BB18D6B23A6641A007C3F7C /* VisualizerViewController.swift in Sources */,
				2B52B73F23A9036900B4C7A3 /* Descriptor.swift in Sources */,
				2BEBBFFC23B2504100D34285 /* BoolPropertyEditorCell.swift in Sources */,
				2B880B7823B1108600E26362 /* Array+Safe.swift in Sources */,
				2B8BB7FD23A110570026A86C /* AppDelegate.swift in Sources */,
				2BA937E423B2BA570079525A /* SideSplitViewController.swift in Sources */,
				2BB18D6E23A664E5007C3F7C /* VisualizerView.swift in Sources */,
				2B8BB7FF23A110570026A86C /* SceneDelegate.swift in Sources */,
				2B914D1923A7008A0075164B /* DescriptorSerializer.swift in Sources */,
				2B880B6D23B0F9C200E26362 /* InspectorViewController.swift in Sources */,
				2B880B7223B0FE7500E26362 /* NumericPropertyEditorCell.swift in Sources */,
				2B880B7623B10BAD00E26362 /* Optional+Wrapped.swift in Sources */,
				2B914D1D23A70C0E0075164B /* UIColor+Selector.m in Sources */,
				2BEBC00023B25CF100D34285 /* StringPropertyEditorCell.swift in Sources */,
				2B52B73823A8FA7900B4C7A3 /* Property.swift in Sources */,
				2B52B73A23A8FBAD00B4C7A3 /* ViewDescriptor.swift in Sources */,
				2B880B7423B1083C00E26362 /* EditorViewController.swift in Sources */,
			);
			runOnlyForDeploymentPostprocessing = 0;
		};
/* End PBXSourcesBuildPhase section */

/* Begin PBXVariantGroup section */
		2B8BB80223A110570026A86C /* Main.storyboard */ = {
			isa = PBXVariantGroup;
			children = (
				2B8BB80323A110570026A86C /* Base */,
			);
			name = Main.storyboard;
			sourceTree = "<group>";
		};
		2B8BB80723A110580026A86C /* LaunchScreen.storyboard */ = {
			isa = PBXVariantGroup;
			children = (
				2B8BB80823A110580026A86C /* Base */,
			);
			name = LaunchScreen.storyboard;
			sourceTree = "<group>";
		};
/* End PBXVariantGroup section */

/* Begin XCBuildConfiguration section */
		2B8BB80B23A110580026A86C /* Debug */ = {
			isa = XCBuildConfiguration;
			buildSettings = {
				ALWAYS_SEARCH_USER_PATHS = NO;
				CLANG_ANALYZER_NONNULL = YES;
				CLANG_ANALYZER_NUMBER_OBJECT_CONVERSION = YES_AGGRESSIVE;
				CLANG_CXX_LANGUAGE_STANDARD = "gnu++14";
				CLANG_CXX_LIBRARY = "libc++";
				CLANG_ENABLE_MODULES = YES;
				CLANG_ENABLE_OBJC_ARC = YES;
				CLANG_ENABLE_OBJC_WEAK = YES;
				CLANG_WARN_BLOCK_CAPTURE_AUTORELEASING = YES;
				CLANG_WARN_BOOL_CONVERSION = YES;
				CLANG_WARN_COMMA = YES;
				CLANG_WARN_CONSTANT_CONVERSION = YES;
				CLANG_WARN_DEPRECATED_OBJC_IMPLEMENTATIONS = YES;
				CLANG_WARN_DIRECT_OBJC_ISA_USAGE = YES_ERROR;
				CLANG_WARN_DOCUMENTATION_COMMENTS = YES;
				CLANG_WARN_EMPTY_BODY = YES;
				CLANG_WARN_ENUM_CONVERSION = YES;
				CLANG_WARN_INFINITE_RECURSION = YES;
				CLANG_WARN_INT_CONVERSION = YES;
				CLANG_WARN_NON_LITERAL_NULL_CONVERSION = YES;
				CLANG_WARN_OBJC_IMPLICIT_RETAIN_SELF = YES;
				CLANG_WARN_OBJC_LITERAL_CONVERSION = YES;
				CLANG_WARN_OBJC_ROOT_CLASS = YES_ERROR;
				CLANG_WARN_RANGE_LOOP_ANALYSIS = YES;
				CLANG_WARN_STRICT_PROTOTYPES = YES;
				CLANG_WARN_SUSPICIOUS_MOVE = YES;
				CLANG_WARN_UNGUARDED_AVAILABILITY = YES_AGGRESSIVE;
				CLANG_WARN_UNREACHABLE_CODE = YES;
				CLANG_WARN__DUPLICATE_METHOD_MATCH = YES;
				COPY_PHASE_STRIP = NO;
				DEBUG_INFORMATION_FORMAT = dwarf;
				ENABLE_STRICT_OBJC_MSGSEND = YES;
				ENABLE_TESTABILITY = YES;
				GCC_C_LANGUAGE_STANDARD = gnu11;
				GCC_DYNAMIC_NO_PIC = NO;
				GCC_NO_COMMON_BLOCKS = YES;
				GCC_OPTIMIZATION_LEVEL = 0;
				GCC_PREPROCESSOR_DEFINITIONS = (
					"DEBUG=1",
					"$(inherited)",
				);
				GCC_WARN_64_TO_32_BIT_CONVERSION = YES;
				GCC_WARN_ABOUT_RETURN_TYPE = YES_ERROR;
				GCC_WARN_UNDECLARED_SELECTOR = YES;
				GCC_WARN_UNINITIALIZED_AUTOS = YES_AGGRESSIVE;
				GCC_WARN_UNUSED_FUNCTION = YES;
				GCC_WARN_UNUSED_VARIABLE = YES;
				IPHONEOS_DEPLOYMENT_TARGET = 13.0;
				MTL_ENABLE_DEBUG_INFO = INCLUDE_SOURCE;
				MTL_FAST_MATH = YES;
				ONLY_ACTIVE_ARCH = YES;
				SDKROOT = iphoneos;
				SWIFT_ACTIVE_COMPILATION_CONDITIONS = DEBUG;
				SWIFT_OBJC_BRIDGING_HEADER = "";
				SWIFT_OPTIMIZATION_LEVEL = "-Onone";
			};
			name = Debug;
		};
		2B8BB80C23A110580026A86C /* Release */ = {
			isa = XCBuildConfiguration;
			buildSettings = {
				ALWAYS_SEARCH_USER_PATHS = NO;
				CLANG_ANALYZER_NONNULL = YES;
				CLANG_ANALYZER_NUMBER_OBJECT_CONVERSION = YES_AGGRESSIVE;
				CLANG_CXX_LANGUAGE_STANDARD = "gnu++14";
				CLANG_CXX_LIBRARY = "libc++";
				CLANG_ENABLE_MODULES = YES;
				CLANG_ENABLE_OBJC_ARC = YES;
				CLANG_ENABLE_OBJC_WEAK = YES;
				CLANG_WARN_BLOCK_CAPTURE_AUTORELEASING = YES;
				CLANG_WARN_BOOL_CONVERSION = YES;
				CLANG_WARN_COMMA = YES;
				CLANG_WARN_CONSTANT_CONVERSION = YES;
				CLANG_WARN_DEPRECATED_OBJC_IMPLEMENTATIONS = YES;
				CLANG_WARN_DIRECT_OBJC_ISA_USAGE = YES_ERROR;
				CLANG_WARN_DOCUMENTATION_COMMENTS = YES;
				CLANG_WARN_EMPTY_BODY = YES;
				CLANG_WARN_ENUM_CONVERSION = YES;
				CLANG_WARN_INFINITE_RECURSION = YES;
				CLANG_WARN_INT_CONVERSION = YES;
				CLANG_WARN_NON_LITERAL_NULL_CONVERSION = YES;
				CLANG_WARN_OBJC_IMPLICIT_RETAIN_SELF = YES;
				CLANG_WARN_OBJC_LITERAL_CONVERSION = YES;
				CLANG_WARN_OBJC_ROOT_CLASS = YES_ERROR;
				CLANG_WARN_RANGE_LOOP_ANALYSIS = YES;
				CLANG_WARN_STRICT_PROTOTYPES = YES;
				CLANG_WARN_SUSPICIOUS_MOVE = YES;
				CLANG_WARN_UNGUARDED_AVAILABILITY = YES_AGGRESSIVE;
				CLANG_WARN_UNREACHABLE_CODE = YES;
				CLANG_WARN__DUPLICATE_METHOD_MATCH = YES;
				COPY_PHASE_STRIP = NO;
				DEBUG_INFORMATION_FORMAT = "dwarf-with-dsym";
				ENABLE_NS_ASSERTIONS = NO;
				ENABLE_STRICT_OBJC_MSGSEND = YES;
				GCC_C_LANGUAGE_STANDARD = gnu11;
				GCC_NO_COMMON_BLOCKS = YES;
				GCC_WARN_64_TO_32_BIT_CONVERSION = YES;
				GCC_WARN_ABOUT_RETURN_TYPE = YES_ERROR;
				GCC_WARN_UNDECLARED_SELECTOR = YES;
				GCC_WARN_UNINITIALIZED_AUTOS = YES_AGGRESSIVE;
				GCC_WARN_UNUSED_FUNCTION = YES;
				GCC_WARN_UNUSED_VARIABLE = YES;
				IPHONEOS_DEPLOYMENT_TARGET = 13.0;
				MTL_ENABLE_DEBUG_INFO = NO;
				MTL_FAST_MATH = YES;
				SDKROOT = iphoneos;
				SWIFT_COMPILATION_MODE = wholemodule;
				SWIFT_OBJC_BRIDGING_HEADER = "";
				SWIFT_OPTIMIZATION_LEVEL = "-O";
				VALIDATE_PRODUCT = YES;
			};
			name = Release;
		};
		2B8BB80E23A110580026A86C /* Debug */ = {
			isa = XCBuildConfiguration;
			buildSettings = {
				ASSETCATALOG_COMPILER_APPICON_NAME = AppIcon;
				CLANG_ENABLE_MODULES = YES;
				CODE_SIGN_ENTITLEMENTS = XXLEditor/XXLEditor.entitlements;
				CODE_SIGN_IDENTITY = "";
				CODE_SIGN_STYLE = Automatic;
				DERIVE_MACCATALYST_PRODUCT_BUNDLE_IDENTIFIER = YES;
				INFOPLIST_FILE = XXLEditor/Info.plist;
				IPHONEOS_DEPLOYMENT_TARGET = 13.0;
				LD_RUNPATH_SEARCH_PATHS = (
					"$(inherited)",
					"@executable_path/Frameworks",
				);
				PRODUCT_BUNDLE_IDENTIFIER = com.gilzoide.xxleditor;
				PRODUCT_NAME = "$(TARGET_NAME)";
				SUPPORTS_MACCATALYST = YES;
				SWIFT_OBJC_BRIDGING_HEADER = "XXLEditor/XXLEditor-Bridging-Header.h";
				SWIFT_OPTIMIZATION_LEVEL = "-Onone";
				SWIFT_VERSION = 5.0;
				TARGETED_DEVICE_FAMILY = "1,2";
			};
			name = Debug;
		};
		2B8BB80F23A110580026A86C /* Release */ = {
			isa = XCBuildConfiguration;
			buildSettings = {
				ASSETCATALOG_COMPILER_APPICON_NAME = AppIcon;
				CLANG_ENABLE_MODULES = YES;
				CODE_SIGN_ENTITLEMENTS = XXLEditor/XXLEditor.entitlements;
				CODE_SIGN_IDENTITY = "";
				CODE_SIGN_STYLE = Automatic;
				DERIVE_MACCATALYST_PRODUCT_BUNDLE_IDENTIFIER = YES;
				INFOPLIST_FILE = XXLEditor/Info.plist;
				IPHONEOS_DEPLOYMENT_TARGET = 13.0;
				LD_RUNPATH_SEARCH_PATHS = (
					"$(inherited)",
					"@executable_path/Frameworks",
				);
				PRODUCT_BUNDLE_IDENTIFIER = com.gilzoide.xxleditor;
				PRODUCT_NAME = "$(TARGET_NAME)";
				SUPPORTS_MACCATALYST = YES;
				SWIFT_OBJC_BRIDGING_HEADER = "XXLEditor/XXLEditor-Bridging-Header.h";
				SWIFT_VERSION = 5.0;
				TARGETED_DEVICE_FAMILY = "1,2";
			};
			name = Release;
		};
/* End XCBuildConfiguration section */

/* Begin XCConfigurationList section */
		2B8BB7F423A110570026A86C /* Build configuration list for PBXProject "XXLEditor" */ = {
			isa = XCConfigurationList;
			buildConfigurations = (
				2B8BB80B23A110580026A86C /* Debug */,
				2B8BB80C23A110580026A86C /* Release */,
			);
			defaultConfigurationIsVisible = 0;
			defaultConfigurationName = Release;
		};
		2B8BB80D23A110580026A86C /* Build configuration list for PBXNativeTarget "XXLEditor" */ = {
			isa = XCConfigurationList;
			buildConfigurations = (
				2B8BB80E23A110580026A86C /* Debug */,
				2B8BB80F23A110580026A86C /* Release */,
			);
			defaultConfigurationIsVisible = 0;
			defaultConfigurationName = Release;
		};
/* End XCConfigurationList section */
	};
	rootObject = 2B8BB7F123A110570026A86C /* Project object */;
}
